
Microsoft Visual Studio Solution File, Format Version 12.00
# Visual Studio Version 16
VisualStudioVersion = 16.0.29306.81
MinimumVisualStudioVersion = 10.0.40219.1
Project("{FAE04EC0-301F-11D3-BF4B-00C04F79EFBC}") = "EjemploTelerik", "EjemploTelerik.csproj", "{8560F9C2-DCCE-493F-A9A1-FE18F187F180}"
EndProject
Global
	GlobalSection(SolutionConfigurationPlatforms) = preSolution
		Debug|Any CPU = Debug|Any CPU
		Release|Any CPU = Release|Any CPU
	EndGlobalSection
	GlobalSection(ProjectConfigurationPlatforms) = postSolution
		{8560F9C2-DCCE-493F-A9A1-FE18F187F180}.Debug|Any CPU.ActiveCfg = Debug|Any CPU
		{8560F9C2-DCCE-493F-A9A1-FE18F187F180}.Debug|Any CPU.Build.0 = Debug|Any CPU
		{8560F9C2-DCCE-493F-A9A1-FE18F187F180}.Release|Any CPU.ActiveCfg = Release|Any CPU
		{8560F9C2-DCCE-493F-A9A1-FE18F187F180}.Release|Any CPU.Build.0 = Release|Any CPU
	EndGlobalSection
	GlobalSection(SolutionProperties) = preSolution
		HideSolutionNode = FALSE
	EndGlobalSection
	GlobalSection(ExtensibilityGlobals) = postSolution
		SolutionGuid = {DB762591-C754-4E57-939B-1319439C8E6F}
	EndGlobalSection
EndGlobal
